
Microsoft Visual Studio Solution File, Format Version 12.00
# Visual Studio Version 17
VisualStudioVersion = 17.9.34723.18
MinimumVisualStudioVersion = 10.0.40219.1
Project("{FAE04EC0-301F-11D3-BF4B-00C04F79EFBC}") = "check-station", "check-station\check-station.csproj", "{0219C4AB-E384-42A7-A825-820EB15F1893}"
EndProject
Global
	GlobalSection(SolutionConfigurationPlatforms) = preSolution
		Debug|Any CPU = Debug|Any CPU
		Release|Any CPU = Release|Any CPU
	EndGlobalSection
	GlobalSection(ProjectConfigurationPlatforms) = postSolution
		{0219C4AB-E384-42A7-A825-820EB15F1893}.Debug|Any CPU.ActiveCfg = Debug|Any CPU
		{0219C4AB-E384-42A7-A825-820EB15F1893}.Debug|Any CPU.Build.0 = Debug|Any CPU
		{0219C4AB-E384-42A7-A825-820EB15F1893}.Release|Any CPU.ActiveCfg = Release|Any CPU
		{0219C4AB-E384-42A7-A825-820EB15F1893}.Release|Any CPU.Build.0 = Release|Any CPU
	EndGlobalSection
	GlobalSection(SolutionProperties) = preSolution
		HideSolutionNode = FALSE
	EndGlobalSection
	GlobalSection(ExtensibilityGlobals) = postSolution
		SolutionGuid = {8FFAFDA9-B8BD-4B43-A111-F1439100F0F5}
	EndGlobalSection
EndGlobal
